
Microsoft Visual Studio Solution File, Format Version 12.00
# Visual Studio Express 2013 for Windows Desktop
VisualStudioVersion = 12.0.30501.0
MinimumVisualStudioVersion = 10.0.40219.1
Project("{8BC9CEB8-8B4A-11D0-8D11-00A0C91BC942}") = "igc_plugin", "igc_plugin.vcxproj", "{EBC6E626-4BD2-4156-9D3E-FCC3514374EE}"
	ProjectSection(ProjectDependencies) = postProject
		{D2F47060-00C0-4A3C-9888-CF663F14D44D} = {D2F47060-00C0-4A3C-9888-CF663F14D44D}
	EndProjectSection
EndProject
Project("{8BC9CEB8-8B4A-11D0-8D11-00A0C91BC942}") = "comm_static", "..\..\include\comm\_build\msvc\2013\comm_static.vcxproj", "{D2F47060-00C0-4A3C-9888-CF663F14D44D}"
EndProject
Global
	GlobalSection(SolutionConfigurationPlatforms) = preSolution
		Debug|Win32 = Debug|Win32
		Debug|x64 = Debug|x64
		Release|Win32 = Release|Win32
		Release|x64 = Release|x64
	EndGlobalSection
	GlobalSection(ProjectConfigurationPlatforms) = postSolution
		{EBC6E626-4BD2-4156-9D3E-FCC3514374EE}.Debug|Win32.ActiveCfg = Debug|Win32
		{EBC6E626-4BD2-4156-9D3E-FCC3514374EE}.Debug|Win32.Build.0 = Debug|Win32
		{EBC6E626-4BD2-4156-9D3E-FCC3514374EE}.Debug|x64.ActiveCfg = Debug|Win32
		{EBC6E626-4BD2-4156-9D3E-FCC3514374EE}.Release|Win32.ActiveCfg = Release|Win32
		{EBC6E626-4BD2-4156-9D3E-FCC3514374EE}.Release|Win32.Build.0 = Release|Win32
		{EBC6E626-4BD2-4156-9D3E-FCC3514374EE}.Release|x64.ActiveCfg = Release|Win32
		{D2F47060-00C0-4A3C-9888-CF663F14D44D}.Debug|Win32.ActiveCfg = Debug|Win32
		{D2F47060-00C0-4A3C-9888-CF663F14D44D}.Debug|Win32.Build.0 = Debug|Win32
		{D2F47060-00C0-4A3C-9888-CF663F14D44D}.Debug|x64.ActiveCfg = Debug|x64
		{D2F47060-00C0-4A3C-9888-CF663F14D44D}.Debug|x64.Build.0 = Debug|x64
		{D2F47060-00C0-4A3C-9888-CF663F14D44D}.Release|Win32.ActiveCfg = Release|Win32
		{D2F47060-00C0-4A3C-9888-CF663F14D44D}.Release|Win32.Build.0 = Release|Win32
		{D2F47060-00C0-4A3C-9888-CF663F14D44D}.Release|x64.ActiveCfg = Release|x64
		{D2F47060-00C0-4A3C-9888-CF663F14D44D}.Release|x64.Build.0 = Release|x64
	EndGlobalSection
	GlobalSection(SolutionProperties) = preSolution
		HideSolutionNode = FALSE
	EndGlobalSection
EndGlobal
