<?xml version="1.0" encoding="utf-8"?>
<Project ToolsVersion="4.0" xmlns="http://schemas.microsoft.com/developer/msbuild/2003">
  <ItemGroup>
    <Filter Include="atomic">
      <UniqueIdentifier>{595b17fc-47c6-47af-8d2b-9c097ac11978}</UniqueIdentifier>
    </Filter>
    <Filter Include="binstream">
      <UniqueIdentifier>{fdc4d799-4a35-4050-be02-ed1ce1026b09}</UniqueIdentifier>
    </Filter>
    <Filter Include="crypt">
      <UniqueIdentifier>{5df851d9-8148-4de4-9e36-d05edd5b861b}</UniqueIdentifier>
    </Filter>
    <Filter Include="hash">
      <UniqueIdentifier>{88bc3e44-e256-4374-ae06-4841b954719c}</UniqueIdentifier>
    </Filter>
    <Filter Include="metastream">
      <UniqueIdentifier>{f8100d48-1053-42cb-b889-591359b8b9c6}</UniqueIdentifier>
    </Filter>
    <Filter Include="alloc">
      <UniqueIdentifier>{84b9f56f-6b08-488b-8d16-747946ba4858}</UniqueIdentifier>
    </Filter>
    <Filter Include="cxx">
      <UniqueIdentifier>{9d66f200-0c0e-4d9a-89dd-1254e1b7ce6c}</UniqueIdentifier>
    </Filter>
    <Filter Include="sync">
      <UniqueIdentifier>{11a6f21f-a15b-4abc-bbf4-36b8cdd257f3}</UniqueIdentifier>
    </Filter>
    <Filter Include="coder">
      <UniqueIdentifier>{ce14cfa6-eeed-46a9-b61f-811f5db9ef7b}</UniqueIdentifier>
    </Filter>
    <Filter Include="log">
      <UniqueIdentifier>{1bc4a5ec-d318-45a0-a724-658e042af5f7}</UniqueIdentifier>
    </Filter>
    <Filter Include="regex">
      <UniqueIdentifier>{91f4ad86-d880-4815-adb2-c7fa2f0729f7}</UniqueIdentifier>
    </Filter>
    <Filter Include="intergen">
      <UniqueIdentifier>{48906725-6d3e-4a41-9723-a66f32495883}</UniqueIdentifier>
    </Filter>
    <Filter Include="net">
      <UniqueIdentifier>{6e77811d-e79f-4ce4-a39d-9ee0d1bbafa7}</UniqueIdentifier>
    </Filter>
    <Filter Include="coder\lz4">
      <UniqueIdentifier>{d018964f-d4a5-44ce-ada8-1b87570254f7}</UniqueIdentifier>
    </Filter>
  </ItemGroup>
  <ItemGroup>
    <ClCompile Include="..\..\..\atomic\atomic.cpp">
      <Filter>atomic</Filter>
    </ClCompile>
    <ClCompile Include="..\..\..\crypt\sha1.cpp">
      <Filter>crypt</Filter>
    </ClCompile>
    <ClCompile Include="..\..\..\metastream\metastream.cpp">
      <Filter>metastream</Filter>
    </ClCompile>
    <ClCompile Include="..\..\..\alloc\_malloc.c">
      <Filter>alloc</Filter>
    </ClCompile>
    <ClCompile Include="..\..\..\alloc\memtrack.cpp">
      <Filter>alloc</Filter>
    </ClCompile>
    <ClCompile Include="..\..\..\assert.cpp">
      <Filter>cxx</Filter>
    </ClCompile>
    <ClCompile Include="..\..\..\comm.cpp">
      <Filter>cxx</Filter>
    </ClCompile>
    <ClCompile Include="..\..\..\dir.cpp">
      <Filter>cxx</Filter>
    </ClCompile>
    <ClCompile Include="..\..\..\dirgcc.cpp">
      <Filter>cxx</Filter>
    </ClCompile>
    <ClCompile Include="..\..\..\dirwin.cpp">
      <Filter>cxx</Filter>
    </ClCompile>
    <ClCompile Include="..\..\..\net.cpp">
      <Filter>cxx</Filter>
    </ClCompile>
    <ClCompile Include="..\..\..\pthreadx.cpp">
      <Filter>cxx</Filter>
    </ClCompile>
    <ClCompile Include="..\..\..\retcodes.cpp">
      <Filter>cxx</Filter>
    </ClCompile>
    <ClCompile Include="..\..\..\singleton.cpp">
      <Filter>cxx</Filter>
    </ClCompile>
    <ClCompile Include="..\..\..\str-win.cpp">
      <Filter>cxx</Filter>
    </ClCompile>
    <ClCompile Include="..\..\..\substring.cpp">
      <Filter>cxx</Filter>
    </ClCompile>
    <ClCompile Include="..\..\..\sync\_mutex.cpp">
      <Filter>sync</Filter>
    </ClCompile>
    <ClCompile Include="..\..\..\sync\mutex.cpp">
      <Filter>sync</Filter>
    </ClCompile>
    <ClCompile Include="..\..\..\sync\rw_mx_core.cpp">
      <Filter>sync</Filter>
    </ClCompile>
    <ClCompile Include="..\..\..\sync\rw_mx_core_pthread.cpp">
      <Filter>sync</Filter>
    </ClCompile>
    <ClCompile Include="..\..\..\regex\regcomp.cpp">
      <Filter>regex</Filter>
    </ClCompile>
    <ClCompile Include="..\..\..\regex\regexec.cpp">
      <Filter>regex</Filter>
    </ClCompile>
    <ClCompile Include="..\..\..\txtconv.cpp">
      <Filter>cxx</Filter>
    </ClCompile>
    <ClCompile Include="..\..\..\sync\thread_mgr.cpp">
      <Filter>sync</Filter>
    </ClCompile>
    <ClCompile Include="..\..\..\net\asyncrcv.cpp">
      <Filter>net</Filter>
    </ClCompile>
    <ClCompile Include="..\..\..\coder\lz4\lz4.c">
      <Filter>coder\lz4</Filter>
    </ClCompile>
    <ClCompile Include="..\..\..\coder\lz4\lz4hc.c">
      <Filter>coder\lz4</Filter>
    </ClCompile>
    <ClCompile Include="..\..\..\coder\lz4\xxhash.c">
      <Filter>coder\lz4</Filter>
    </ClCompile>
    <ClCompile Include="..\..\..\interface.cpp">
      <Filter>cxx</Filter>
    </ClCompile>
    <ClCompile Include="..\..\..\timer.cpp">
      <Filter>cxx</Filter>
    </ClCompile>
    <ClCompile Include="..\..\..\timeru.cpp">
      <Filter>cxx</Filter>
    </ClCompile>
    <ClCompile Include="..\..\..\log\logger.cpp">
      <Filter>log</Filter>
    </ClCompile>
  </ItemGroup>
  <ItemGroup>
    <ClInclude Include="..\..\..\atomic\atomic.h">
      <Filter>atomic</Filter>
    </ClInclude>
    <ClInclude Include="..\..\..\atomic\queue.h">
      <Filter>atomic</Filter>
    </ClInclude>
    <ClInclude Include="..\..\..\binstream\binstream.h">
      <Filter>binstream</Filter>
    </ClInclude>
    <ClInclude Include="..\..\..\binstream\binstreambuf.h">
      <Filter>binstream</Filter>
    </ClInclude>
    <ClInclude Include="..\..\..\binstream\binstreamsegbuf.h">
      <Filter>binstream</Filter>
    </ClInclude>
    <ClInclude Include="..\..\..\binstream\bstype.h">
      <Filter>binstream</Filter>
    </ClInclude>
    <ClInclude Include="..\..\..\binstream\cachestream.h">
      <Filter>binstream</Filter>
    </ClInclude>
    <ClInclude Include="..\..\..\binstream\circularstreambuf.h">
      <Filter>binstream</Filter>
    </ClInclude>
    <ClInclude Include="..\..\..\binstream\container.h">
      <Filter>binstream</Filter>
    </ClInclude>
    <ClInclude Include="..\..\..\binstream\container_linear.h">
      <Filter>binstream</Filter>
    </ClInclude>
    <ClInclude Include="..\..\..\binstream\enc_base64stream.h">
      <Filter>binstream</Filter>
    </ClInclude>
    <ClInclude Include="..\..\..\binstream\enc_hexstream.h">
      <Filter>binstream</Filter>
    </ClInclude>
    <ClInclude Include="..\..\..\binstream\exestream.h">
      <Filter>binstream</Filter>
    </ClInclude>
    <ClInclude Include="..\..\..\binstream\filestream.h">
      <Filter>binstream</Filter>
    </ClInclude>
    <ClInclude Include="..\..\..\binstream\forkstream.h">
      <Filter>binstream</Filter>
    </ClInclude>
    <ClInclude Include="..\..\..\binstream\httpstream.h">
      <Filter>binstream</Filter>
    </ClInclude>
    <ClInclude Include="..\..\..\binstream\httpstreamcoid.h">
      <Filter>binstream</Filter>
    </ClInclude>
    <ClInclude Include="..\..\..\binstream\httpstreamtunnel.h">
      <Filter>binstream</Filter>
    </ClInclude>
    <ClInclude Include="..\..\..\binstream\inoutstream.h">
      <Filter>binstream</Filter>
    </ClInclude>
    <ClInclude Include="..\..\..\binstream\netstream.h">
      <Filter>binstream</Filter>
    </ClInclude>
    <ClInclude Include="..\..\..\binstream\netstreamcoid.h">
      <Filter>binstream</Filter>
    </ClInclude>
    <ClInclude Include="..\..\..\binstream\netstreamhttp.h">
      <Filter>binstream</Filter>
    </ClInclude>
    <ClInclude Include="..\..\..\binstream\netstreamtcp.h">
      <Filter>binstream</Filter>
    </ClInclude>
    <ClInclude Include="..\..\..\binstream\netstreamudp.h">
      <Filter>binstream</Filter>
    </ClInclude>
    <ClInclude Include="..\..\..\binstream\netstreamudpbuf.h">
      <Filter>binstream</Filter>
    </ClInclude>
    <ClInclude Include="..\..\..\binstream\nullstream.h">
      <Filter>binstream</Filter>
    </ClInclude>
    <ClInclude Include="..\..\..\binstream\packstream.h">
      <Filter>binstream</Filter>
    </ClInclude>
    <ClInclude Include="..\..\..\binstream\packstreamzip.h">
      <Filter>binstream</Filter>
    </ClInclude>
    <ClInclude Include="..\..\..\binstream\stdstream.h">
      <Filter>binstream</Filter>
    </ClInclude>
    <ClInclude Include="..\..\..\binstream\stlstream.h">
      <Filter>binstream</Filter>
    </ClInclude>
    <ClInclude Include="..\..\..\binstream\txtcachestream.h">
      <Filter>binstream</Filter>
    </ClInclude>
    <ClInclude Include="..\..\..\binstream\txtstream.h">
      <Filter>binstream</Filter>
    </ClInclude>
    <ClInclude Include="..\..\..\binstream\txtstreamhtml.h">
      <Filter>binstream</Filter>
    </ClInclude>
    <ClInclude Include="..\..\..\crypt\sha1.h">
      <Filter>crypt</Filter>
    </ClInclude>
    <ClInclude Include="..\..\..\hash\hashfunc.h">
      <Filter>hash</Filter>
    </ClInclude>
    <ClInclude Include="..\..\..\hash\hashkeyset.h">
      <Filter>hash</Filter>
    </ClInclude>
    <ClInclude Include="..\..\..\hash\hashmap.h">
      <Filter>hash</Filter>
    </ClInclude>
    <ClInclude Include="..\..\..\hash\hashset.h">
      <Filter>hash</Filter>
    </ClInclude>
    <ClInclude Include="..\..\..\hash\hashtable.h">
      <Filter>hash</Filter>
    </ClInclude>
    <ClInclude Include="..\..\..\metastream\fmtstream.h">
      <Filter>metastream</Filter>
    </ClInclude>
    <ClInclude Include="..\..\..\metastream\fmtstream_lexer.h">
      <Filter>metastream</Filter>
    </ClInclude>
    <ClInclude Include="..\..\..\metastream\fmtstreamcxx.h">
      <Filter>metastream</Filter>
    </ClInclude>
    <ClInclude Include="..\..\..\metastream\fmtstreamjson.h">
      <Filter>metastream</Filter>
    </ClInclude>
    <ClInclude Include="..\..\..\metastream\fmtstreamxml.h">
      <Filter>metastream</Filter>
    </ClInclude>
    <ClInclude Include="..\..\..\metastream\fmtstreamxml2.h">
      <Filter>metastream</Filter>
    </ClInclude>
    <ClInclude Include="..\..\..\metastream\metagen.h">
      <Filter>metastream</Filter>
    </ClInclude>
    <ClInclude Include="..\..\..\metastream\metastream.h">
      <Filter>metastream</Filter>
    </ClInclude>
    <ClInclude Include="..\..\..\metastream\metavar.h">
      <Filter>metastream</Filter>
    </ClInclude>
    <ClInclude Include="..\..\..\alloc\_malloc.h">
      <Filter>alloc</Filter>
    </ClInclude>
    <ClInclude Include="..\..\..\alloc\commalloc.h">
      <Filter>alloc</Filter>
    </ClInclude>
    <ClInclude Include="..\..\..\alloc\memtrack.h">
      <Filter>alloc</Filter>
    </ClInclude>
    <ClInclude Include="..\..\..\sync\_mutex.h">
      <Filter>sync</Filter>
    </ClInclude>
    <ClInclude Include="..\..\..\sync\guard.h">
      <Filter>sync</Filter>
    </ClInclude>
    <ClInclude Include="..\..\..\sync\mutex.h">
      <Filter>sync</Filter>
    </ClInclude>
    <ClInclude Include="..\..\..\sync\mutex_reg.h">
      <Filter>sync</Filter>
    </ClInclude>
    <ClInclude Include="..\..\..\sync\rw_mutex.h">
      <Filter>sync</Filter>
    </ClInclude>
    <ClInclude Include="..\..\..\sync\rw_mx_core.h">
      <Filter>sync</Filter>
    </ClInclude>
    <ClInclude Include="..\..\..\sync\thread_mgr.h">
      <Filter>sync</Filter>
    </ClInclude>
    <ClInclude Include="..\..\..\coder\rlr.h">
      <Filter>coder</Filter>
    </ClInclude>
    <ClInclude Include="..\..\..\log\logger.h">
      <Filter>log</Filter>
    </ClInclude>
    <ClInclude Include="..\..\..\regex\regcomp.h">
      <Filter>regex</Filter>
    </ClInclude>
    <ClInclude Include="..\..\..\comm.h" />
    <ClInclude Include="..\..\..\commassert.h" />
    <ClInclude Include="..\..\..\commexception.h" />
    <ClInclude Include="..\..\..\commtime.h" />
    <ClInclude Include="..\..\..\commtypes.h" />
    <ClInclude Include="..\..\..\dir.h" />
    <ClInclude Include="..\..\..\dynarray.h" />
    <ClInclude Include="..\..\..\fastdelegate.h" />
    <ClInclude Include="..\..\..\lexer.h" />
    <ClInclude Include="..\..\..\local.h" />
    <ClInclude Include="..\..\..\mathf.h" />
    <ClInclude Include="..\..\..\mathi.h" />
    <ClInclude Include="..\..\..\namespace.h" />
    <ClInclude Include="..\..\..\net.h" />
    <ClInclude Include="..\..\..\net_ul.h" />
    <ClInclude Include="..\..\..\password.h" />
    <ClInclude Include="..\..\..\pthreadx.h" />
    <ClInclude Include="..\..\..\ptrowner.h" />
    <ClInclude Include="..\..\..\radix.h" />
    <ClInclude Include="..\..\..\ref.h" />
    <ClInclude Include="..\..\..\regex.h" />
    <ClInclude Include="..\..\..\retcodes.h" />
    <ClInclude Include="..\..\..\rnd.h" />
    <ClInclude Include="..\..\..\segarray.h" />
    <ClInclude Include="..\..\..\singleton.h" />
    <ClInclude Include="..\..\..\atomic\stack.h" />
    <ClInclude Include="..\..\..\str.h" />
    <ClInclude Include="..\..\..\strgen.h" />
    <ClInclude Include="..\..\..\substring.h" />
    <ClInclude Include="..\..\..\token.h" />
    <ClInclude Include="..\..\..\tokenizer.h" />
    <ClInclude Include="..\..\..\trait.h" />
    <ClInclude Include="..\..\..\tutf8.h" />
    <ClInclude Include="..\..\..\txtconv.h" />
    <ClInclude Include="..\..\..\version.h" />
    <ClInclude Include="..\..\..\metastream\fmtstreamnull.h">
      <Filter>metastream</Filter>
    </ClInclude>
    <ClInclude Include="..\..\..\intergen\ifc.h">
      <Filter>intergen</Filter>
    </ClInclude>
    <ClInclude Include="..\..\..\intergen\ifc.js.h">
      <Filter>intergen</Filter>
    </ClInclude>
    <ClInclude Include="..\..\..\binstring.h" />
    <ClInclude Include="..\..\..\alloc\slotalloc.h">
      <Filter>alloc</Filter>
    </ClInclude>
    <ClInclude Include="..\..\..\net\asyncrcv.h">
      <Filter>net</Filter>
    </ClInclude>
    <ClInclude Include="..\..\..\coder\lz4\lz4.h">
      <Filter>coder\lz4</Filter>
    </ClInclude>
    <ClInclude Include="..\..\..\coder\lz4\lz4hc.h">
      <Filter>coder\lz4</Filter>
    </ClInclude>
    <ClInclude Include="..\..\..\coder\lz4\xxhash.h">
      <Filter>coder\lz4</Filter>
    </ClInclude>
    <ClInclude Include="..\..\..\binstream\packstreamlz4.h">
      <Filter>binstream</Filter>
    </ClInclude>
    <ClInclude Include="..\..\..\dbg_location.h" />
    <ClInclude Include="..\..\..\interface.h" />
    <ClInclude Include="..\..\..\timer.h" />
    <ClInclude Include="..\..\..\hash\slothash.h">
      <Filter>hash</Filter>
    </ClInclude>
    <ClInclude Include="..\..\..\log\logwriter.h">
      <Filter>log</Filter>
    </ClInclude>
    <ClInclude Include="..\..\..\metastream\fmtstream_lua_capi.h">
      <Filter>metastream</Filter>
    </ClInclude>
    <ClInclude Include="..\..\..\intergen\ifc.lua.h">
      <Filter>intergen</Filter>
    </ClInclude>
  </ItemGroup>
</Project>