<?xml version="1.0" encoding="utf-8"?>
<Project ToolsVersion="4.0" xmlns="http://schemas.microsoft.com/developer/msbuild/2003">
  <ItemGroup>
    <Filter Include="atomic">
      <UniqueIdentifier>{3fe51a65-64f2-4c21-a937-c3cb45f3824a}</UniqueIdentifier>
    </Filter>
    <Filter Include="binstream">
      <UniqueIdentifier>{a6dae606-0221-497b-a7e2-cf4c235f7522}</UniqueIdentifier>
    </Filter>
    <Filter Include="crypt">
      <UniqueIdentifier>{cb6c79be-b0cd-4c4c-aeb2-0c22653713cc}</UniqueIdentifier>
    </Filter>
    <Filter Include="metastream">
      <UniqueIdentifier>{233ae9be-c90e-492d-965d-e1921af12782}</UniqueIdentifier>
    </Filter>
    <Filter Include="alloc">
      <UniqueIdentifier>{ceaf5750-c95d-42e7-8bce-883b6ae4dae9}</UniqueIdentifier>
    </Filter>
    <Filter Include="cxx">
      <UniqueIdentifier>{69d4dce5-6f18-4ff5-864c-30a449505f36}</UniqueIdentifier>
    </Filter>
    <Filter Include="sync">
      <UniqueIdentifier>{26590ad0-e8f7-40b2-b850-0ca10d8b367b}</UniqueIdentifier>
    </Filter>
    <Filter Include="coder">
      <UniqueIdentifier>{653d94ea-1d5b-4a61-aae9-8b69a41a5016}</UniqueIdentifier>
    </Filter>
    <Filter Include="log">
      <UniqueIdentifier>{3eaa98aa-40a2-45c4-80a2-395532f14b3d}</UniqueIdentifier>
    </Filter>
    <Filter Include="hash">
      <UniqueIdentifier>{42f08aac-f74c-4a4a-8ce9-6ee6e614df11}</UniqueIdentifier>
    </Filter>
    <Filter Include="regex">
      <UniqueIdentifier>{17dc812b-6176-4ae7-9661-594432f694ba}</UniqueIdentifier>
    </Filter>
    <Filter Include="intergen">
      <UniqueIdentifier>{ef7c566f-3d1a-4dd1-b1f5-ce2957c39ee4}</UniqueIdentifier>
    </Filter>
    <Filter Include="net">
      <UniqueIdentifier>{7889250e-2342-4bf1-9e14-00733ff89aaa}</UniqueIdentifier>
    </Filter>
    <Filter Include="coder\lz4">
      <UniqueIdentifier>{5492f2b2-11d9-4591-bdf6-568bd8e53ea3}</UniqueIdentifier>
    </Filter>
  </ItemGroup>
  <ItemGroup>
    <ClInclude Include="..\..\..\atomic\atomic.h">
      <Filter>atomic</Filter>
    </ClInclude>
    <ClInclude Include="..\..\..\atomic\pool.h">
      <Filter>atomic</Filter>
    </ClInclude>
    <ClInclude Include="..\..\..\atomic\queue.h">
      <Filter>atomic</Filter>
    </ClInclude>
    <ClInclude Include="..\..\..\atomic\stack.h">
      <Filter>atomic</Filter>
    </ClInclude>
    <ClInclude Include="..\..\..\binstream\binstream.h">
      <Filter>binstream</Filter>
    </ClInclude>
    <ClInclude Include="..\..\..\binstream\binstreambuf.h">
      <Filter>binstream</Filter>
    </ClInclude>
    <ClInclude Include="..\..\..\binstream\binstreamsegbuf.h">
      <Filter>binstream</Filter>
    </ClInclude>
    <ClInclude Include="..\..\..\binstream\bstype.h">
      <Filter>binstream</Filter>
    </ClInclude>
    <ClInclude Include="..\..\..\binstream\cachestream.h">
      <Filter>binstream</Filter>
    </ClInclude>
    <ClInclude Include="..\..\..\binstream\circularstreambuf.h">
      <Filter>binstream</Filter>
    </ClInclude>
    <ClInclude Include="..\..\..\binstream\container.h">
      <Filter>binstream</Filter>
    </ClInclude>
    <ClInclude Include="..\..\..\binstream\container_linear.h">
      <Filter>binstream</Filter>
    </ClInclude>
    <ClInclude Include="..\..\..\binstream\enc_base64stream.h">
      <Filter>binstream</Filter>
    </ClInclude>
    <ClInclude Include="..\..\..\binstream\enc_hexstream.h">
      <Filter>binstream</Filter>
    </ClInclude>
    <ClInclude Include="..\..\..\binstream\exestream.h">
      <Filter>binstream</Filter>
    </ClInclude>
    <ClInclude Include="..\..\..\binstream\filestream.h">
      <Filter>binstream</Filter>
    </ClInclude>
    <ClInclude Include="..\..\..\binstream\forkstream.h">
      <Filter>binstream</Filter>
    </ClInclude>
    <ClInclude Include="..\..\..\binstream\httpstream.h">
      <Filter>binstream</Filter>
    </ClInclude>
    <ClInclude Include="..\..\..\binstream\httpstreamcoid.h">
      <Filter>binstream</Filter>
    </ClInclude>
    <ClInclude Include="..\..\..\binstream\httpstreamtunnel.h">
      <Filter>binstream</Filter>
    </ClInclude>
    <ClInclude Include="..\..\..\binstream\inoutstream.h">
      <Filter>binstream</Filter>
    </ClInclude>
    <ClInclude Include="..\..\..\binstream\netstream.h">
      <Filter>binstream</Filter>
    </ClInclude>
    <ClInclude Include="..\..\..\binstream\netstreamcoid.h">
      <Filter>binstream</Filter>
    </ClInclude>
    <ClInclude Include="..\..\..\binstream\netstreamhttp.h">
      <Filter>binstream</Filter>
    </ClInclude>
    <ClInclude Include="..\..\..\binstream\netstreamtcp.h">
      <Filter>binstream</Filter>
    </ClInclude>
    <ClInclude Include="..\..\..\binstream\netstreamudp.h">
      <Filter>binstream</Filter>
    </ClInclude>
    <ClInclude Include="..\..\..\binstream\netstreamudpbuf.h">
      <Filter>binstream</Filter>
    </ClInclude>
    <ClInclude Include="..\..\..\binstream\nullstream.h">
      <Filter>binstream</Filter>
    </ClInclude>
    <ClInclude Include="..\..\..\binstream\packstream.h">
      <Filter>binstream</Filter>
    </ClInclude>
    <ClInclude Include="..\..\..\binstream\packstreambzip2.h">
      <Filter>binstream</Filter>
    </ClInclude>
    <ClInclude Include="..\..\..\binstream\packstreamzip.h">
      <Filter>binstream</Filter>
    </ClInclude>
    <ClInclude Include="..\..\..\binstream\stdstream.h">
      <Filter>binstream</Filter>
    </ClInclude>
    <ClInclude Include="..\..\..\binstream\stlstream.h">
      <Filter>binstream</Filter>
    </ClInclude>
    <ClInclude Include="..\..\..\binstream\txtcachestream.h">
      <Filter>binstream</Filter>
    </ClInclude>
    <ClInclude Include="..\..\..\binstream\txtstream.h">
      <Filter>binstream</Filter>
    </ClInclude>
    <ClInclude Include="..\..\..\binstream\txtstreamhtml.h">
      <Filter>binstream</Filter>
    </ClInclude>
    <ClInclude Include="..\..\..\crypt\sha1.h">
      <Filter>crypt</Filter>
    </ClInclude>
    <ClInclude Include="..\..\..\metastream\fmtstream.h">
      <Filter>metastream</Filter>
    </ClInclude>
    <ClInclude Include="..\..\..\metastream\fmtstream_lexer.h">
      <Filter>metastream</Filter>
    </ClInclude>
    <ClInclude Include="..\..\..\metastream\fmtstreamcxx.h">
      <Filter>metastream</Filter>
    </ClInclude>
    <ClInclude Include="..\..\..\metastream\fmtstreamjson.h">
      <Filter>metastream</Filter>
    </ClInclude>
    <ClInclude Include="..\..\..\metastream\fmtstreamxml.h">
      <Filter>metastream</Filter>
    </ClInclude>
    <ClInclude Include="..\..\..\metastream\fmtstreamxml2.h">
      <Filter>metastream</Filter>
    </ClInclude>
    <ClInclude Include="..\..\..\metastream\metagen.h">
      <Filter>metastream</Filter>
    </ClInclude>
    <ClInclude Include="..\..\..\metastream\metastream.h">
      <Filter>metastream</Filter>
    </ClInclude>
    <ClInclude Include="..\..\..\metastream\metavar.h">
      <Filter>metastream</Filter>
    </ClInclude>
    <ClInclude Include="..\..\..\alloc\_malloc.h">
      <Filter>alloc</Filter>
    </ClInclude>
    <ClInclude Include="..\..\..\alloc\commalloc.h">
      <Filter>alloc</Filter>
    </ClInclude>
    <ClInclude Include="..\..\..\alloc\memtrack.h">
      <Filter>alloc</Filter>
    </ClInclude>
    <ClInclude Include="..\..\..\sync\_mutex.h">
      <Filter>sync</Filter>
    </ClInclude>
    <ClInclude Include="..\..\..\sync\guard.h">
      <Filter>sync</Filter>
    </ClInclude>
    <ClInclude Include="..\..\..\sync\mutex.h">
      <Filter>sync</Filter>
    </ClInclude>
    <ClInclude Include="..\..\..\sync\mutex_reg.h">
      <Filter>sync</Filter>
    </ClInclude>
    <ClInclude Include="..\..\..\sync\rw_mutex.h">
      <Filter>sync</Filter>
    </ClInclude>
    <ClInclude Include="..\..\..\sync\rw_mx_core.h">
      <Filter>sync</Filter>
    </ClInclude>
    <ClInclude Include="..\..\..\sync\thread_mgr.h">
      <Filter>sync</Filter>
    </ClInclude>
    <ClInclude Include="..\..\..\coder\rlr.h">
      <Filter>coder</Filter>
    </ClInclude>
    <ClInclude Include="..\..\..\log\logger.h">
      <Filter>log</Filter>
    </ClInclude>
    <ClInclude Include="..\..\..\log\logwriter.h">
      <Filter>log</Filter>
    </ClInclude>
    <ClInclude Include="..\..\..\hash\hashfunc.h">
      <Filter>hash</Filter>
    </ClInclude>
    <ClInclude Include="..\..\..\hash\hashkeyset.h">
      <Filter>hash</Filter>
    </ClInclude>
    <ClInclude Include="..\..\..\hash\hashmap.h">
      <Filter>hash</Filter>
    </ClInclude>
    <ClInclude Include="..\..\..\hash\hashset.h">
      <Filter>hash</Filter>
    </ClInclude>
    <ClInclude Include="..\..\..\hash\hashtable.h">
      <Filter>hash</Filter>
    </ClInclude>
    <ClInclude Include="..\..\..\regex\regcomp.h">
      <Filter>regex</Filter>
    </ClInclude>
    <ClInclude Include="..\..\..\comm.h" />
    <ClInclude Include="..\..\..\commassert.h" />
    <ClInclude Include="..\..\..\commexception.h" />
    <ClInclude Include="..\..\..\commtime.h" />
    <ClInclude Include="..\..\..\commtypes.h" />
    <ClInclude Include="..\..\..\dir.h" />
    <ClInclude Include="..\..\..\dynarray.h" />
    <ClInclude Include="..\..\..\fastdelegate.h" />
    <ClInclude Include="..\..\..\lexer.h" />
    <ClInclude Include="..\..\..\local.h" />
    <ClInclude Include="..\..\..\mathf.h" />
    <ClInclude Include="..\..\..\mathi.h" />
    <ClInclude Include="..\..\..\namespace.h" />
    <ClInclude Include="..\..\..\net.h" />
    <ClInclude Include="..\..\..\net_ul.h" />
    <ClInclude Include="..\..\..\password.h" />
    <ClInclude Include="..\..\..\pthreadx.h" />
    <ClInclude Include="..\..\..\ptrowner.h" />
    <ClInclude Include="..\..\..\radix.h" />
    <ClInclude Include="..\..\..\ref.h" />
    <ClInclude Include="..\..\..\ref_base.h" />
    <ClInclude Include="..\..\..\ref_i.h" />
    <ClInclude Include="..\..\..\ref_s.h" />
    <ClInclude Include="..\..\..\refs.h" />
    <ClInclude Include="..\..\..\regex.h" />
    <ClInclude Include="..\..\..\retcodes.h" />
    <ClInclude Include="..\..\..\rnd.h" />
    <ClInclude Include="..\..\..\singleton.h" />
    <ClInclude Include="..\..\..\str.h" />
    <ClInclude Include="..\..\..\strgen.h" />
    <ClInclude Include="..\..\..\substring.h" />
    <ClInclude Include="..\..\..\token.h" />
    <ClInclude Include="..\..\..\tokenizer.h" />
    <ClInclude Include="..\..\..\trait.h" />
    <ClInclude Include="..\..\..\tutf8.h" />
    <ClInclude Include="..\..\..\txtconv.h" />
    <ClInclude Include="..\..\..\version.h" />
    <ClInclude Include="..\..\..\list.h" />
    <ClInclude Include="..\..\..\atomic\pool_base.h" />
    <ClInclude Include="..\..\..\atomic\basic_pool.h">
      <Filter>atomic</Filter>
    </ClInclude>
    <ClInclude Include="..\..\..\atomic\queue_base.h">
      <Filter>atomic</Filter>
    </ClInclude>
    <ClInclude Include="..\..\..\atomic\stack_base.h">
      <Filter>atomic</Filter>
    </ClInclude>
    <ClInclude Include="..\..\..\ref_helpers.h" />
    <ClInclude Include="..\..\..\binstream\filestreamgz.h">
      <Filter>binstream</Filter>
    </ClInclude>
    <ClInclude Include="..\..\..\binstream\hash_sha1stream.h">
      <Filter>binstream</Filter>
    </ClInclude>
    <ClInclude Include="..\..\..\dbg_location.h" />
    <ClInclude Include="..\..\..\interface.h" />
    <ClInclude Include="..\..\..\metastream\fmtstream_v8.h">
      <Filter>metastream</Filter>
    </ClInclude>
    <ClInclude Include="..\..\..\metastream\fmtstreamnull.h">
      <Filter>metastream</Filter>
    </ClInclude>
    <ClInclude Include="..\..\..\intergen\ifc.h">
      <Filter>intergen</Filter>
    </ClInclude>
    <ClInclude Include="..\..\..\intergen\ifc.js.h">
      <Filter>intergen</Filter>
    </ClInclude>
    <ClInclude Include="..\..\..\alloc\slotalloc.h">
      <Filter>alloc</Filter>
    </ClInclude>
    <ClInclude Include="..\..\..\binstring.h" />
    <ClInclude Include="..\..\..\net\asyncrcv.h">
      <Filter>net</Filter>
    </ClInclude>
    <ClInclude Include="..\..\..\coder\lz4\lz4.h">
      <Filter>coder\lz4</Filter>
    </ClInclude>
    <ClInclude Include="..\..\..\coder\lz4\lz4hc.h">
      <Filter>coder\lz4</Filter>
    </ClInclude>
    <ClInclude Include="..\..\..\coder\lz4\xxhash.h">
      <Filter>coder\lz4</Filter>
    </ClInclude>
    <ClInclude Include="..\..\..\binstream\packstreamlz4.h">
      <Filter>binstream</Filter>
    </ClInclude>
    <ClInclude Include="..\..\..\timer.h" />
    <ClInclude Include="..\..\..\alloc\alloc2d.h">
      <Filter>alloc</Filter>
    </ClInclude>
    <ClInclude Include="..\..\..\alloc\slotalloc_bmp.h">
      <Filter>alloc</Filter>
    </ClInclude>
    <ClInclude Include="..\..\..\binstream\hash_xxhashstream.h">
      <Filter>binstream</Filter>
    </ClInclude>
    <ClInclude Include="..\..\..\hash\slothash.h">
      <Filter>hash</Filter>
    </ClInclude>
    <ClInclude Include="..\..\..\coder\bufpack_zstd.h">
      <Filter>coder</Filter>
    </ClInclude>
    <ClInclude Include="..\..\..\range.h" />
    <ClInclude Include="..\..\..\bitrange.h" />
    <ClInclude Include="..\..\..\taskmaster.h" />
    <ClInclude Include="..\..\..\alloc\slotalloc_tracker.h">
      <Filter>alloc</Filter>
    </ClInclude>
  </ItemGroup>
  <ItemGroup>
    <ClCompile Include="..\..\..\crypt\sha1.cpp">
      <Filter>crypt</Filter>
    </ClCompile>
    <ClCompile Include="..\..\..\metastream\metastream.cpp">
      <Filter>metastream</Filter>
    </ClCompile>
    <ClCompile Include="..\..\..\alloc\_malloc.c">
      <Filter>alloc</Filter>
    </ClCompile>
    <ClCompile Include="..\..\..\alloc\memtrack.cpp">
      <Filter>alloc</Filter>
    </ClCompile>
    <ClCompile Include="..\..\..\comm.cpp">
      <Filter>cxx</Filter>
    </ClCompile>
    <ClCompile Include="..\..\..\dir.cpp">
      <Filter>cxx</Filter>
    </ClCompile>
    <ClCompile Include="..\..\..\dirgcc.cpp">
      <Filter>cxx</Filter>
    </ClCompile>
    <ClCompile Include="..\..\..\dirwin.cpp">
      <Filter>cxx</Filter>
    </ClCompile>
    <ClCompile Include="..\..\..\net.cpp">
      <Filter>cxx</Filter>
    </ClCompile>
    <ClCompile Include="..\..\..\pthreadx.cpp">
      <Filter>cxx</Filter>
    </ClCompile>
    <ClCompile Include="..\..\..\retcodes.cpp">
      <Filter>cxx</Filter>
    </ClCompile>
    <ClCompile Include="..\..\..\singleton.cpp">
      <Filter>cxx</Filter>
    </ClCompile>
    <ClCompile Include="..\..\..\str-win.cpp">
      <Filter>cxx</Filter>
    </ClCompile>
    <ClCompile Include="..\..\..\substring.cpp">
      <Filter>cxx</Filter>
    </ClCompile>
    <ClCompile Include="..\..\..\sync\_mutex.cpp">
      <Filter>sync</Filter>
    </ClCompile>
    <ClCompile Include="..\..\..\sync\mutex.cpp">
      <Filter>sync</Filter>
    </ClCompile>
    <ClCompile Include="..\..\..\sync\rw_mx_core.cpp">
      <Filter>sync</Filter>
    </ClCompile>
    <ClCompile Include="..\..\..\sync\rw_mx_core_pthread.cpp">
      <Filter>sync</Filter>
    </ClCompile>
    <ClCompile Include="..\..\..\log\logger.cpp">
      <Filter>log</Filter>
    </ClCompile>
    <ClCompile Include="..\..\..\regex\regcomp.cpp">
      <Filter>regex</Filter>
    </ClCompile>
    <ClCompile Include="..\..\..\regex\regexec.cpp">
      <Filter>regex</Filter>
    </ClCompile>
    <ClCompile Include="..\..\..\txtconv.cpp">
      <Filter>cxx</Filter>
    </ClCompile>
    <ClCompile Include="..\..\..\atomic\atomic.cpp">
      <Filter>atomic</Filter>
    </ClCompile>
    <ClCompile Include="..\..\..\sync\thread_mgr.cpp">
      <Filter>sync</Filter>
    </ClCompile>
    <ClCompile Include="..\..\..\interface.cpp">
      <Filter>cxx</Filter>
    </ClCompile>
    <ClCompile Include="..\..\..\net\asyncrcv.cpp">
      <Filter>net</Filter>
    </ClCompile>
    <ClCompile Include="..\..\..\coder\lz4\lz4.c">
      <Filter>coder\lz4</Filter>
    </ClCompile>
    <ClCompile Include="..\..\..\coder\lz4\lz4hc.c">
      <Filter>coder\lz4</Filter>
    </ClCompile>
    <ClCompile Include="..\..\..\coder\lz4\xxhash.c">
      <Filter>coder\lz4</Filter>
    </ClCompile>
    <ClCompile Include="..\..\..\timer.cpp">
      <Filter>cxx</Filter>
    </ClCompile>
    <ClCompile Include="..\..\..\timeru.cpp">
      <Filter>cxx</Filter>
    </ClCompile>
    <ClCompile Include="..\..\..\binstream\stdstream.cpp">
      <Filter>cxx</Filter>
    </ClCompile>
    <ClCompile Include="..\..\..\alloc\slotalloc_bmp.cpp">
      <Filter>alloc</Filter>
    </ClCompile>
    <ClCompile Include="..\..\..\coder\bufpack_lz4.h">
      <Filter>coder</Filter>
    </ClCompile>
    <ClCompile Include="..\..\..\commassert.cpp">
      <Filter>cxx</Filter>
    </ClCompile>
  </ItemGroup>
</Project>