
Microsoft Visual Studio Solution File, Format Version 12.00
# Visual Studio Version 16
VisualStudioVersion = 16.0.29201.188
MinimumVisualStudioVersion = 10.0.40219.1
Project("{8BC9CEB8-8B4A-11D0-8D11-00A0C91BC942}") = "comm", "comm.vcxproj", "{67F94DBD-39F3-4ED5-B02D-EA5A62C69F26}"
EndProject
Project("{8BC9CEB8-8B4A-11D0-8D11-00A0C91BC942}") = "intergen", "intergen.vcxproj", "{650FD8CC-0A36-4DF2-A81C-045ABA3194F0}"
	ProjectSection(ProjectDependencies) = postProject
		{D2F47060-00C0-4A3C-9888-CF663F14D44D} = {D2F47060-00C0-4A3C-9888-CF663F14D44D}
	EndProjectSection
EndProject
Project("{8BC9CEB8-8B4A-11D0-8D11-00A0C91BC942}") = "comm_test", "comm_test.vcxproj", "{A76C8D9E-BDDF-4BE5-9266-453F55E6AEFC}"
	ProjectSection(ProjectDependencies) = postProject
		{650FD8CC-0A36-4DF2-A81C-045ABA3194F0} = {650FD8CC-0A36-4DF2-A81C-045ABA3194F0}
	EndProjectSection
EndProject
Project("{8BC9CEB8-8B4A-11D0-8D11-00A0C91BC942}") = "comm_static", "comm_static.vcxproj", "{D2F47060-00C0-4A3C-9888-CF663F14D44D}"
EndProject
Project("{8BC9CEB8-8B4A-11D0-8D11-00A0C91BC942}") = "commux", "..\..\..\commux.vcxproj", "{254537FA-947C-4699-925B-1FAFAAA44718}"
EndProject
Global
	GlobalSection(SolutionConfigurationPlatforms) = preSolution
		Debug|Win32 = Debug|Win32
		Debug|x64 = Debug|x64
		Debug-clang|Win32 = Debug-clang|Win32
		Debug-clang|x64 = Debug-clang|x64
		Release|Win32 = Release|Win32
		Release|x64 = Release|x64
		ReleaseLTCG|Win32 = ReleaseLTCG|Win32
		ReleaseLTCG|x64 = ReleaseLTCG|x64
	EndGlobalSection
	GlobalSection(ProjectConfigurationPlatforms) = postSolution
		{67F94DBD-39F3-4ED5-B02D-EA5A62C69F26}.Debug|Win32.ActiveCfg = Debug|Win32
		{67F94DBD-39F3-4ED5-B02D-EA5A62C69F26}.Debug|Win32.Build.0 = Debug|Win32
		{67F94DBD-39F3-4ED5-B02D-EA5A62C69F26}.Debug|x64.ActiveCfg = Debug|x64
		{67F94DBD-39F3-4ED5-B02D-EA5A62C69F26}.Debug|x64.Build.0 = Debug|x64
		{67F94DBD-39F3-4ED5-B02D-EA5A62C69F26}.Debug-clang|Win32.ActiveCfg = Debug-clang|Win32
		{67F94DBD-39F3-4ED5-B02D-EA5A62C69F26}.Debug-clang|Win32.Build.0 = Debug-clang|Win32
		{67F94DBD-39F3-4ED5-B02D-EA5A62C69F26}.Debug-clang|x64.ActiveCfg = Debug-clang|x64
		{67F94DBD-39F3-4ED5-B02D-EA5A62C69F26}.Debug-clang|x64.Build.0 = Debug-clang|x64
		{67F94DBD-39F3-4ED5-B02D-EA5A62C69F26}.Release|Win32.ActiveCfg = Release|Win32
		{67F94DBD-39F3-4ED5-B02D-EA5A62C69F26}.Release|Win32.Build.0 = Release|Win32
		{67F94DBD-39F3-4ED5-B02D-EA5A62C69F26}.Release|x64.ActiveCfg = Release|x64
		{67F94DBD-39F3-4ED5-B02D-EA5A62C69F26}.Release|x64.Build.0 = Release|x64
		{67F94DBD-39F3-4ED5-B02D-EA5A62C69F26}.ReleaseLTCG|Win32.ActiveCfg = ReleaseLTCG|Win32
		{67F94DBD-39F3-4ED5-B02D-EA5A62C69F26}.ReleaseLTCG|Win32.Build.0 = ReleaseLTCG|Win32
		{67F94DBD-39F3-4ED5-B02D-EA5A62C69F26}.ReleaseLTCG|x64.ActiveCfg = ReleaseLTCG|x64
		{67F94DBD-39F3-4ED5-B02D-EA5A62C69F26}.ReleaseLTCG|x64.Build.0 = ReleaseLTCG|x64
		{650FD8CC-0A36-4DF2-A81C-045ABA3194F0}.Debug|Win32.ActiveCfg = Debug|Win32
		{650FD8CC-0A36-4DF2-A81C-045ABA3194F0}.Debug|Win32.Build.0 = Debug|Win32
		{650FD8CC-0A36-4DF2-A81C-045ABA3194F0}.Debug|x64.ActiveCfg = Debug|x64
		{650FD8CC-0A36-4DF2-A81C-045ABA3194F0}.Debug|x64.Build.0 = Debug|x64
		{650FD8CC-0A36-4DF2-A81C-045ABA3194F0}.Debug-clang|Win32.ActiveCfg = Debug-clang|Win32
		{650FD8CC-0A36-4DF2-A81C-045ABA3194F0}.Debug-clang|Win32.Build.0 = Debug-clang|Win32
		{650FD8CC-0A36-4DF2-A81C-045ABA3194F0}.Debug-clang|x64.ActiveCfg = Debug-clang|x64
		{650FD8CC-0A36-4DF2-A81C-045ABA3194F0}.Debug-clang|x64.Build.0 = Debug-clang|x64
		{650FD8CC-0A36-4DF2-A81C-045ABA3194F0}.Release|Win32.ActiveCfg = Release|Win32
		{650FD8CC-0A36-4DF2-A81C-045ABA3194F0}.Release|Win32.Build.0 = Release|Win32
		{650FD8CC-0A36-4DF2-A81C-045ABA3194F0}.Release|x64.ActiveCfg = Release|x64
		{650FD8CC-0A36-4DF2-A81C-045ABA3194F0}.Release|x64.Build.0 = Release|x64
		{650FD8CC-0A36-4DF2-A81C-045ABA3194F0}.ReleaseLTCG|Win32.ActiveCfg = ReleaseLTCG|Win32
		{650FD8CC-0A36-4DF2-A81C-045ABA3194F0}.ReleaseLTCG|Win32.Build.0 = ReleaseLTCG|Win32
		{650FD8CC-0A36-4DF2-A81C-045ABA3194F0}.ReleaseLTCG|x64.ActiveCfg = ReleaseLTCG|x64
		{650FD8CC-0A36-4DF2-A81C-045ABA3194F0}.ReleaseLTCG|x64.Build.0 = ReleaseLTCG|x64
		{A76C8D9E-BDDF-4BE5-9266-453F55E6AEFC}.Debug|Win32.ActiveCfg = Debug|Win32
		{A76C8D9E-BDDF-4BE5-9266-453F55E6AEFC}.Debug|Win32.Build.0 = Debug|Win32
		{A76C8D9E-BDDF-4BE5-9266-453F55E6AEFC}.Debug|x64.ActiveCfg = Debug|x64
		{A76C8D9E-BDDF-4BE5-9266-453F55E6AEFC}.Debug|x64.Build.0 = Debug|x64
		{A76C8D9E-BDDF-4BE5-9266-453F55E6AEFC}.Debug-clang|Win32.ActiveCfg = Debug-clang|Win32
		{A76C8D9E-BDDF-4BE5-9266-453F55E6AEFC}.Debug-clang|Win32.Build.0 = Debug-clang|Win32
		{A76C8D9E-BDDF-4BE5-9266-453F55E6AEFC}.Debug-clang|x64.ActiveCfg = Debug-clang|x64
		{A76C8D9E-BDDF-4BE5-9266-453F55E6AEFC}.Debug-clang|x64.Build.0 = Debug-clang|x64
		{A76C8D9E-BDDF-4BE5-9266-453F55E6AEFC}.Release|Win32.ActiveCfg = Release|Win32
		{A76C8D9E-BDDF-4BE5-9266-453F55E6AEFC}.Release|Win32.Build.0 = Release|Win32
		{A76C8D9E-BDDF-4BE5-9266-453F55E6AEFC}.Release|x64.ActiveCfg = Release|x64
		{A76C8D9E-BDDF-4BE5-9266-453F55E6AEFC}.Release|x64.Build.0 = Release|x64
		{A76C8D9E-BDDF-4BE5-9266-453F55E6AEFC}.ReleaseLTCG|Win32.ActiveCfg = ReleaseLTCG|Win32
		{A76C8D9E-BDDF-4BE5-9266-453F55E6AEFC}.ReleaseLTCG|Win32.Build.0 = ReleaseLTCG|Win32
		{A76C8D9E-BDDF-4BE5-9266-453F55E6AEFC}.ReleaseLTCG|x64.ActiveCfg = ReleaseLTCG|x64
		{A76C8D9E-BDDF-4BE5-9266-453F55E6AEFC}.ReleaseLTCG|x64.Build.0 = ReleaseLTCG|x64
		{D2F47060-00C0-4A3C-9888-CF663F14D44D}.Debug|Win32.ActiveCfg = Debug|Win32
		{D2F47060-00C0-4A3C-9888-CF663F14D44D}.Debug|Win32.Build.0 = Debug|Win32
		{D2F47060-00C0-4A3C-9888-CF663F14D44D}.Debug|x64.ActiveCfg = Debug|x64
		{D2F47060-00C0-4A3C-9888-CF663F14D44D}.Debug|x64.Build.0 = Debug|x64
		{D2F47060-00C0-4A3C-9888-CF663F14D44D}.Debug-clang|Win32.ActiveCfg = Debug-clang|Win32
		{D2F47060-00C0-4A3C-9888-CF663F14D44D}.Debug-clang|Win32.Build.0 = Debug-clang|Win32
		{D2F47060-00C0-4A3C-9888-CF663F14D44D}.Debug-clang|x64.ActiveCfg = Debug-clang|x64
		{D2F47060-00C0-4A3C-9888-CF663F14D44D}.Debug-clang|x64.Build.0 = Debug-clang|x64
		{D2F47060-00C0-4A3C-9888-CF663F14D44D}.Release|Win32.ActiveCfg = Release|Win32
		{D2F47060-00C0-4A3C-9888-CF663F14D44D}.Release|Win32.Build.0 = Release|Win32
		{D2F47060-00C0-4A3C-9888-CF663F14D44D}.Release|x64.ActiveCfg = Release|x64
		{D2F47060-00C0-4A3C-9888-CF663F14D44D}.Release|x64.Build.0 = Release|x64
		{D2F47060-00C0-4A3C-9888-CF663F14D44D}.ReleaseLTCG|Win32.ActiveCfg = ReleaseLTCG|Win32
		{D2F47060-00C0-4A3C-9888-CF663F14D44D}.ReleaseLTCG|Win32.Build.0 = ReleaseLTCG|Win32
		{D2F47060-00C0-4A3C-9888-CF663F14D44D}.ReleaseLTCG|x64.ActiveCfg = ReleaseLTCG|x64
		{D2F47060-00C0-4A3C-9888-CF663F14D44D}.ReleaseLTCG|x64.Build.0 = ReleaseLTCG|x64
		{254537FA-947C-4699-925B-1FAFAAA44718}.Debug|Win32.ActiveCfg = Debug|x86
		{254537FA-947C-4699-925B-1FAFAAA44718}.Debug|Win32.Build.0 = Debug|x86
		{254537FA-947C-4699-925B-1FAFAAA44718}.Debug|x64.ActiveCfg = Debug|x64
		{254537FA-947C-4699-925B-1FAFAAA44718}.Debug|x64.Build.0 = Debug|x64
		{254537FA-947C-4699-925B-1FAFAAA44718}.Debug-clang|Win32.ActiveCfg = Debug|x86
		{254537FA-947C-4699-925B-1FAFAAA44718}.Debug-clang|Win32.Build.0 = Debug|x86
		{254537FA-947C-4699-925B-1FAFAAA44718}.Debug-clang|x64.ActiveCfg = Debug|x64
		{254537FA-947C-4699-925B-1FAFAAA44718}.Debug-clang|x64.Build.0 = Debug|x64
		{254537FA-947C-4699-925B-1FAFAAA44718}.Release|Win32.ActiveCfg = Release|x86
		{254537FA-947C-4699-925B-1FAFAAA44718}.Release|Win32.Build.0 = Release|x86
		{254537FA-947C-4699-925B-1FAFAAA44718}.Release|x64.ActiveCfg = Release|x64
		{254537FA-947C-4699-925B-1FAFAAA44718}.Release|x64.Build.0 = Release|x64
		{254537FA-947C-4699-925B-1FAFAAA44718}.ReleaseLTCG|Win32.ActiveCfg = Release|x86
		{254537FA-947C-4699-925B-1FAFAAA44718}.ReleaseLTCG|Win32.Build.0 = Release|x86
		{254537FA-947C-4699-925B-1FAFAAA44718}.ReleaseLTCG|x64.ActiveCfg = Release|x64
		{254537FA-947C-4699-925B-1FAFAAA44718}.ReleaseLTCG|x64.Build.0 = Release|x64
	EndGlobalSection
	GlobalSection(SolutionProperties) = preSolution
		HideSolutionNode = FALSE
	EndGlobalSection
	GlobalSection(ExtensibilityGlobals) = postSolution
		SolutionGuid = {3BF7D168-7AB4-4B28-AAA4-CFECCD1F2594}
	EndGlobalSection
EndGlobal
